
Microsoft Visual Studio Solution File, Format Version 12.00
# Visual Studio 15
VisualStudioVersion = 15.0.27428.2015
MinimumVisualStudioVersion = 10.0.40219.1
Project("{FAE04EC0-301F-11D3-BF4B-00C04F79EFBC}") = "ButonlarlaThreadKullanımı", "ButonlarlaThreadKullanımı\ButonlarlaThreadKullanımı.csproj", "{2ACCB631-7634-4E27-BB30-E1D99EAF962E}"
EndProject
Global
	GlobalSection(SolutionConfigurationPlatforms) = preSolution
		Debug|Any CPU = Debug|Any CPU
		Release|Any CPU = Release|Any CPU
	EndGlobalSection
	GlobalSection(ProjectConfigurationPlatforms) = postSolution
		{2ACCB631-7634-4E27-BB30-E1D99EAF962E}.Debug|Any CPU.ActiveCfg = Debug|Any CPU
		{2ACCB631-7634-4E27-BB30-E1D99EAF962E}.Debug|Any CPU.Build.0 = Debug|Any CPU
		{2ACCB631-7634-4E27-BB30-E1D99EAF962E}.Release|Any CPU.ActiveCfg = Release|Any CPU
		{2ACCB631-7634-4E27-BB30-E1D99EAF962E}.Release|Any CPU.Build.0 = Release|Any CPU
	EndGlobalSection
	GlobalSection(SolutionProperties) = preSolution
		HideSolutionNode = FALSE
	EndGlobalSection
	GlobalSection(ExtensibilityGlobals) = postSolution
		SolutionGuid = {19BE19EF-90B0-48EF-8BCC-ACC3ABD412B2}
	EndGlobalSection
EndGlobal
